
Microsoft Visual Studio Solution File, Format Version 12.00
# Visual Studio Version 17
VisualStudioVersion = 17.11.35312.102
MinimumVisualStudioVersion = 10.0.40219.1
Project("{FAE04EC0-301F-11D3-BF4B-00C04F79EFBC}") = "C#4.2-Demo", "C#4.2-Demo.csproj", "{51B6F405-9AB7-4158-ACCE-8135C99361BC}"
EndProject
Global
	GlobalSection(SolutionConfigurationPlatforms) = preSolution
		Debug|Any CPU = Debug|Any CPU
		Release|Any CPU = Release|Any CPU
	EndGlobalSection
	GlobalSection(ProjectConfigurationPlatforms) = postSolution
		{51B6F405-9AB7-4158-ACCE-8135C99361BC}.Debug|Any CPU.ActiveCfg = Debug|Any CPU
		{51B6F405-9AB7-4158-ACCE-8135C99361BC}.Debug|Any CPU.Build.0 = Debug|Any CPU
		{51B6F405-9AB7-4158-ACCE-8135C99361BC}.Release|Any CPU.ActiveCfg = Release|Any CPU
		{51B6F405-9AB7-4158-ACCE-8135C99361BC}.Release|Any CPU.Build.0 = Release|Any CPU
	EndGlobalSection
	GlobalSection(SolutionProperties) = preSolution
		HideSolutionNode = FALSE
	EndGlobalSection
	GlobalSection(ExtensibilityGlobals) = postSolution
		SolutionGuid = {ECECEBC2-4ACF-4DF0-905B-ED4A9DB08B17}
	EndGlobalSection
EndGlobal
