
Microsoft Visual Studio Solution File, Format Version 12.00
# Visual Studio Version 17
VisualStudioVersion = 17.11.35312.102
MinimumVisualStudioVersion = 10.0.40219.1
Project("{FAE04EC0-301F-11D3-BF4B-00C04F79EFBC}") = "C#4.2-Assignment", "C#4.2-Assignment.csproj", "{DC7636F6-900A-4E6C-9A97-9EC114B2A65F}"
EndProject
Global
	GlobalSection(SolutionConfigurationPlatforms) = preSolution
		Debug|Any CPU = Debug|Any CPU
		Release|Any CPU = Release|Any CPU
	EndGlobalSection
	GlobalSection(ProjectConfigurationPlatforms) = postSolution
		{DC7636F6-900A-4E6C-9A97-9EC114B2A65F}.Debug|Any CPU.ActiveCfg = Debug|Any CPU
		{DC7636F6-900A-4E6C-9A97-9EC114B2A65F}.Debug|Any CPU.Build.0 = Debug|Any CPU
		{DC7636F6-900A-4E6C-9A97-9EC114B2A65F}.Release|Any CPU.ActiveCfg = Release|Any CPU
		{DC7636F6-900A-4E6C-9A97-9EC114B2A65F}.Release|Any CPU.Build.0 = Release|Any CPU
	EndGlobalSection
	GlobalSection(SolutionProperties) = preSolution
		HideSolutionNode = FALSE
	EndGlobalSection
	GlobalSection(ExtensibilityGlobals) = postSolution
		SolutionGuid = {F2FAD5C8-AD08-4A09-B37E-A6F5A2414BA1}
	EndGlobalSection
EndGlobal
